
Microsoft Visual Studio Solution File, Format Version 12.00
# Visual Studio Version 17
VisualStudioVersion = 17.14.36623.8 d17.14
MinimumVisualStudioVersion = 10.0.40219.1
Project("{FAE04EC0-301F-11D3-BF4B-00C04F79EFBC}") = "ShoppingList", "ShoppingList\ShoppingList.csproj", "{BC03E1A8-2E85-4C2D-9902-48329C9BE86F}"
EndProject
Global
	GlobalSection(SolutionConfigurationPlatforms) = preSolution
		Debug|Any CPU = Debug|Any CPU
		Release|Any CPU = Release|Any CPU
	EndGlobalSection
	GlobalSection(ProjectConfigurationPlatforms) = postSolution
		{BC03E1A8-2E85-4C2D-9902-48329C9BE86F}.Debug|Any CPU.ActiveCfg = Debug|Any CPU
		{BC03E1A8-2E85-4C2D-9902-48329C9BE86F}.Debug|Any CPU.Build.0 = Debug|Any CPU
		{BC03E1A8-2E85-4C2D-9902-48329C9BE86F}.Debug|Any CPU.Deploy.0 = Debug|Any CPU
		{BC03E1A8-2E85-4C2D-9902-48329C9BE86F}.Release|Any CPU.ActiveCfg = Release|Any CPU
		{BC03E1A8-2E85-4C2D-9902-48329C9BE86F}.Release|Any CPU.Build.0 = Release|Any CPU
		{BC03E1A8-2E85-4C2D-9902-48329C9BE86F}.Release|Any CPU.Deploy.0 = Release|Any CPU
	EndGlobalSection
	GlobalSection(SolutionProperties) = preSolution
		HideSolutionNode = FALSE
	EndGlobalSection
	GlobalSection(ExtensibilityGlobals) = postSolution
		SolutionGuid = {563FAAF8-D904-4203-BB82-AACFBD59B58C}
	EndGlobalSection
EndGlobal
